
Microsoft Visual Studio Solution File, Format Version 12.00
# Visual Studio Version 17
VisualStudioVersion = 17.8.34309.116
MinimumVisualStudioVersion = 10.0.40219.1
Project("{2150E333-8FDC-42A3-9474-1A3956D46DE8}") = "#1", "#1", "{572A6F12-8A52-4DB8-8E21-07D64988200B}"
EndProject
Project("{2150E333-8FDC-42A3-9474-1A3956D46DE8}") = "src", "src", "{6F43DA08-3B95-4631-BD43-82D718894A29}"
EndProject
Project("{2150E333-8FDC-42A3-9474-1A3956D46DE8}") = "tests", "tests", "{67CF7B73-6359-4D12-A85E-2B35425A502E}"
EndProject
Project("{9A19103F-16F7-4668-BE54-9A1E7A4F7556}") = "Library", "#1\src\CalculatorLibrary\Library.csproj", "{9C40C248-DDF7-46B6-8907-630F59775066}"
EndProject
Project("{9A19103F-16F7-4668-BE54-9A1E7A4F7556}") = "Library.Tests.Unit", "#1\tests\CalculatorLibraryTests\Library.Tests.Unit.csproj", "{84392870-C728-467B-89DB-83B46624BE2F}"
EndProject
Project("{2150E333-8FDC-42A3-9474-1A3956D46DE8}") = "#2", "#2", "{14B79278-FD71-45A7-9B87-E3240352BDA2}"
EndProject
Project("{2150E333-8FDC-42A3-9474-1A3956D46DE8}") = "src", "src", "{BF1170D0-989A-45CE-A545-4DB840F99BA5}"
EndProject
Project("{2150E333-8FDC-42A3-9474-1A3956D46DE8}") = "tests", "tests", "{95003262-1340-49B2-BF9C-03FDE35E26B1}"
EndProject
Project("{9A19103F-16F7-4668-BE54-9A1E7A4F7556}") = "Users.Api", "#2\src\Users.Api\Users.Api.csproj", "{CD221C7A-81BF-4673-B1D0-C73324966A77}"
EndProject
Project("{9A19103F-16F7-4668-BE54-9A1E7A4F7556}") = "Users.Api.Tests.Unit", "#2\tests\Users.Api.Tests.Unit\Users.Api.Tests.Unit.csproj", "{F8BDB75D-E7F2-4B5B-BBAA-CC6FA468E5E8}"
EndProject
Project("{2150E333-8FDC-42A3-9474-1A3956D46DE8}") = "#3", "#3", "{0C2785E8-8A78-4FF4-98DE-E5726F8FE344}"
EndProject
Project("{2150E333-8FDC-42A3-9474-1A3956D46DE8}") = "src", "src", "{72049F1A-6469-4E97-85FF-D2A6F164A5DE}"
EndProject
Project("{2150E333-8FDC-42A3-9474-1A3956D46DE8}") = "tests", "tests", "{06C36FD5-DF44-40D4-B307-3593E4E774C4}"
EndProject
Project("{9A19103F-16F7-4668-BE54-9A1E7A4F7556}") = "Customers.Api", "#3\src\Customers.Api\Customers.Api.csproj", "{DA05030F-322E-432C-A459-D19C31A014A3}"
EndProject
Project("{9A19103F-16F7-4668-BE54-9A1E7A4F7556}") = "Customers.Api.Tests.Integration", "#3\tests\Customers.Api.Tests.Integration\Customers.Api.Tests.Integration.csproj", "{C5F14CE8-AE6C-4F8B-896F-AFAACA42C4C5}"
EndProject
Project("{9A19103F-16F7-4668-BE54-9A1E7A4F7556}") = "FakeApi", "#3\src\FakeApi\FakeApi.csproj", "{244BF54E-9C12-4FB7-9DB9-48BE920A901A}"
EndProject
Project("{2150E333-8FDC-42A3-9474-1A3956D46DE8}") = "#4", "#4", "{9241820E-B6D0-4C4F-ACC8-93951C45BB7C}"
EndProject
Project("{2150E333-8FDC-42A3-9474-1A3956D46DE8}") = "src", "src", "{B3986A91-C64B-41FB-8F5D-F24BC7A12548}"
EndProject
Project("{2150E333-8FDC-42A3-9474-1A3956D46DE8}") = "tests", "tests", "{BF47CADF-5754-496C-A445-C337D8DC036D}"
EndProject
Project("{9A19103F-16F7-4668-BE54-9A1E7A4F7556}") = "Players.Api", "#4\src\Players.Api\Players.Api.csproj", "{EBE6FB3A-4F16-4BF1-9624-3474EA32A736}"
EndProject
Project("{9A19103F-16F7-4668-BE54-9A1E7A4F7556}") = "Players.Domain", "#4\src\Players.Domain\Players.Domain.csproj", "{D4CDBED6-B01F-4908-9D12-85F696C1E228}"
EndProject
Project("{9A19103F-16F7-4668-BE54-9A1E7A4F7556}") = "Players.Application", "#4\src\Players.Application\Players.Application.csproj", "{08C357A0-5A42-4F55-8618-FCE82966828A}"
EndProject
Project("{9A19103F-16F7-4668-BE54-9A1E7A4F7556}") = "Players.Infrastructure", "#4\src\Players.Infrastructure\Players.Infrastructure.csproj", "{53294EF9-59A9-403D-8F18-B08BD7452FF5}"
EndProject
Project("{9A19103F-16F7-4668-BE54-9A1E7A4F7556}") = "Players.Domain.Tests.Unit", "#4\tests\Players.Domain.Tests.Unit\Players.Domain.Tests.Unit.csproj", "{F42BB84B-2662-45C2-A721-2EC47BB57B18}"
EndProject
Project("{9A19103F-16F7-4668-BE54-9A1E7A4F7556}") = "Players.Application.Tests.Unit", "#4\tests\Players.Application.Tests.Unit\Players.Application.Tests.Unit.csproj", "{1E64A718-DC3A-4A80-9F7E-D785E2A9FDA1}"
EndProject
Project("{9A19103F-16F7-4668-BE54-9A1E7A4F7556}") = "Players.Api.Tests.Integration", "#4\tests\Players.Api.Tests.Integration\Players.Api.Tests.Integration.csproj", "{FFB1644E-10F8-40F5-A8B4-76AF1866CB00}"
EndProject
Project("{9A19103F-16F7-4668-BE54-9A1E7A4F7556}") = "Players.Tests.Architecture", "#4\tests\Players.Tests.Architecture\Players.Tests.Architecture.csproj", "{C92F31DF-0287-41A6-9D49-B5C0A44FC55E}"
EndProject
Global
	GlobalSection(SolutionConfigurationPlatforms) = preSolution
		Debug|Any CPU = Debug|Any CPU
		Release|Any CPU = Release|Any CPU
	EndGlobalSection
	GlobalSection(ProjectConfigurationPlatforms) = postSolution
		{9C40C248-DDF7-46B6-8907-630F59775066}.Debug|Any CPU.ActiveCfg = Debug|Any CPU
		{9C40C248-DDF7-46B6-8907-630F59775066}.Debug|Any CPU.Build.0 = Debug|Any CPU
		{9C40C248-DDF7-46B6-8907-630F59775066}.Release|Any CPU.ActiveCfg = Release|Any CPU
		{9C40C248-DDF7-46B6-8907-630F59775066}.Release|Any CPU.Build.0 = Release|Any CPU
		{84392870-C728-467B-89DB-83B46624BE2F}.Debug|Any CPU.ActiveCfg = Debug|Any CPU
		{84392870-C728-467B-89DB-83B46624BE2F}.Debug|Any CPU.Build.0 = Debug|Any CPU
		{84392870-C728-467B-89DB-83B46624BE2F}.Release|Any CPU.ActiveCfg = Release|Any CPU
		{84392870-C728-467B-89DB-83B46624BE2F}.Release|Any CPU.Build.0 = Release|Any CPU
		{CD221C7A-81BF-4673-B1D0-C73324966A77}.Debug|Any CPU.ActiveCfg = Debug|Any CPU
		{CD221C7A-81BF-4673-B1D0-C73324966A77}.Debug|Any CPU.Build.0 = Debug|Any CPU
		{CD221C7A-81BF-4673-B1D0-C73324966A77}.Release|Any CPU.ActiveCfg = Release|Any CPU
		{CD221C7A-81BF-4673-B1D0-C73324966A77}.Release|Any CPU.Build.0 = Release|Any CPU
		{F8BDB75D-E7F2-4B5B-BBAA-CC6FA468E5E8}.Debug|Any CPU.ActiveCfg = Debug|Any CPU
		{F8BDB75D-E7F2-4B5B-BBAA-CC6FA468E5E8}.Debug|Any CPU.Build.0 = Debug|Any CPU
		{F8BDB75D-E7F2-4B5B-BBAA-CC6FA468E5E8}.Release|Any CPU.ActiveCfg = Release|Any CPU
		{F8BDB75D-E7F2-4B5B-BBAA-CC6FA468E5E8}.Release|Any CPU.Build.0 = Release|Any CPU
		{DA05030F-322E-432C-A459-D19C31A014A3}.Debug|Any CPU.ActiveCfg = Debug|Any CPU
		{DA05030F-322E-432C-A459-D19C31A014A3}.Debug|Any CPU.Build.0 = Debug|Any CPU
		{DA05030F-322E-432C-A459-D19C31A014A3}.Release|Any CPU.ActiveCfg = Release|Any CPU
		{DA05030F-322E-432C-A459-D19C31A014A3}.Release|Any CPU.Build.0 = Release|Any CPU
		{C5F14CE8-AE6C-4F8B-896F-AFAACA42C4C5}.Debug|Any CPU.ActiveCfg = Debug|Any CPU
		{C5F14CE8-AE6C-4F8B-896F-AFAACA42C4C5}.Debug|Any CPU.Build.0 = Debug|Any CPU
		{C5F14CE8-AE6C-4F8B-896F-AFAACA42C4C5}.Release|Any CPU.ActiveCfg = Release|Any CPU
		{C5F14CE8-AE6C-4F8B-896F-AFAACA42C4C5}.Release|Any CPU.Build.0 = Release|Any CPU
		{244BF54E-9C12-4FB7-9DB9-48BE920A901A}.Debug|Any CPU.ActiveCfg = Debug|Any CPU
		{244BF54E-9C12-4FB7-9DB9-48BE920A901A}.Debug|Any CPU.Build.0 = Debug|Any CPU
		{244BF54E-9C12-4FB7-9DB9-48BE920A901A}.Release|Any CPU.ActiveCfg = Release|Any CPU
		{244BF54E-9C12-4FB7-9DB9-48BE920A901A}.Release|Any CPU.Build.0 = Release|Any CPU
		{EBE6FB3A-4F16-4BF1-9624-3474EA32A736}.Debug|Any CPU.ActiveCfg = Debug|Any CPU
		{EBE6FB3A-4F16-4BF1-9624-3474EA32A736}.Debug|Any CPU.Build.0 = Debug|Any CPU
		{EBE6FB3A-4F16-4BF1-9624-3474EA32A736}.Release|Any CPU.ActiveCfg = Release|Any CPU
		{EBE6FB3A-4F16-4BF1-9624-3474EA32A736}.Release|Any CPU.Build.0 = Release|Any CPU
		{D4CDBED6-B01F-4908-9D12-85F696C1E228}.Debug|Any CPU.ActiveCfg = Debug|Any CPU
		{D4CDBED6-B01F-4908-9D12-85F696C1E228}.Debug|Any CPU.Build.0 = Debug|Any CPU
		{D4CDBED6-B01F-4908-9D12-85F696C1E228}.Release|Any CPU.ActiveCfg = Release|Any CPU
		{D4CDBED6-B01F-4908-9D12-85F696C1E228}.Release|Any CPU.Build.0 = Release|Any CPU
		{08C357A0-5A42-4F55-8618-FCE82966828A}.Debug|Any CPU.ActiveCfg = Debug|Any CPU
		{08C357A0-5A42-4F55-8618-FCE82966828A}.Debug|Any CPU.Build.0 = Debug|Any CPU
		{08C357A0-5A42-4F55-8618-FCE82966828A}.Release|Any CPU.ActiveCfg = Release|Any CPU
		{08C357A0-5A42-4F55-8618-FCE82966828A}.Release|Any CPU.Build.0 = Release|Any CPU
		{53294EF9-59A9-403D-8F18-B08BD7452FF5}.Debug|Any CPU.ActiveCfg = Debug|Any CPU
		{53294EF9-59A9-403D-8F18-B08BD7452FF5}.Debug|Any CPU.Build.0 = Debug|Any CPU
		{53294EF9-59A9-403D-8F18-B08BD7452FF5}.Release|Any CPU.ActiveCfg = Release|Any CPU
		{53294EF9-59A9-403D-8F18-B08BD7452FF5}.Release|Any CPU.Build.0 = Release|Any CPU
		{F42BB84B-2662-45C2-A721-2EC47BB57B18}.Debug|Any CPU.ActiveCfg = Debug|Any CPU
		{F42BB84B-2662-45C2-A721-2EC47BB57B18}.Debug|Any CPU.Build.0 = Debug|Any CPU
		{F42BB84B-2662-45C2-A721-2EC47BB57B18}.Release|Any CPU.ActiveCfg = Release|Any CPU
		{F42BB84B-2662-45C2-A721-2EC47BB57B18}.Release|Any CPU.Build.0 = Release|Any CPU
		{1E64A718-DC3A-4A80-9F7E-D785E2A9FDA1}.Debug|Any CPU.ActiveCfg = Debug|Any CPU
		{1E64A718-DC3A-4A80-9F7E-D785E2A9FDA1}.Debug|Any CPU.Build.0 = Debug|Any CPU
		{1E64A718-DC3A-4A80-9F7E-D785E2A9FDA1}.Release|Any CPU.ActiveCfg = Release|Any CPU
		{1E64A718-DC3A-4A80-9F7E-D785E2A9FDA1}.Release|Any CPU.Build.0 = Release|Any CPU
		{FFB1644E-10F8-40F5-A8B4-76AF1866CB00}.Debug|Any CPU.ActiveCfg = Debug|Any CPU
		{FFB1644E-10F8-40F5-A8B4-76AF1866CB00}.Debug|Any CPU.Build.0 = Debug|Any CPU
		{FFB1644E-10F8-40F5-A8B4-76AF1866CB00}.Release|Any CPU.ActiveCfg = Release|Any CPU
		{FFB1644E-10F8-40F5-A8B4-76AF1866CB00}.Release|Any CPU.Build.0 = Release|Any CPU
		{C92F31DF-0287-41A6-9D49-B5C0A44FC55E}.Debug|Any CPU.ActiveCfg = Debug|Any CPU
		{C92F31DF-0287-41A6-9D49-B5C0A44FC55E}.Debug|Any CPU.Build.0 = Debug|Any CPU
		{C92F31DF-0287-41A6-9D49-B5C0A44FC55E}.Release|Any CPU.ActiveCfg = Release|Any CPU
		{C92F31DF-0287-41A6-9D49-B5C0A44FC55E}.Release|Any CPU.Build.0 = Release|Any CPU
	EndGlobalSection
	GlobalSection(SolutionProperties) = preSolution
		HideSolutionNode = FALSE
	EndGlobalSection
	GlobalSection(NestedProjects) = preSolution
		{6F43DA08-3B95-4631-BD43-82D718894A29} = {572A6F12-8A52-4DB8-8E21-07D64988200B}
		{67CF7B73-6359-4D12-A85E-2B35425A502E} = {572A6F12-8A52-4DB8-8E21-07D64988200B}
		{9C40C248-DDF7-46B6-8907-630F59775066} = {6F43DA08-3B95-4631-BD43-82D718894A29}
		{84392870-C728-467B-89DB-83B46624BE2F} = {67CF7B73-6359-4D12-A85E-2B35425A502E}
		{BF1170D0-989A-45CE-A545-4DB840F99BA5} = {14B79278-FD71-45A7-9B87-E3240352BDA2}
		{95003262-1340-49B2-BF9C-03FDE35E26B1} = {14B79278-FD71-45A7-9B87-E3240352BDA2}
		{CD221C7A-81BF-4673-B1D0-C73324966A77} = {BF1170D0-989A-45CE-A545-4DB840F99BA5}
		{F8BDB75D-E7F2-4B5B-BBAA-CC6FA468E5E8} = {95003262-1340-49B2-BF9C-03FDE35E26B1}
		{72049F1A-6469-4E97-85FF-D2A6F164A5DE} = {0C2785E8-8A78-4FF4-98DE-E5726F8FE344}
		{06C36FD5-DF44-40D4-B307-3593E4E774C4} = {0C2785E8-8A78-4FF4-98DE-E5726F8FE344}
		{DA05030F-322E-432C-A459-D19C31A014A3} = {72049F1A-6469-4E97-85FF-D2A6F164A5DE}
		{C5F14CE8-AE6C-4F8B-896F-AFAACA42C4C5} = {06C36FD5-DF44-40D4-B307-3593E4E774C4}
		{244BF54E-9C12-4FB7-9DB9-48BE920A901A} = {72049F1A-6469-4E97-85FF-D2A6F164A5DE}
		{B3986A91-C64B-41FB-8F5D-F24BC7A12548} = {9241820E-B6D0-4C4F-ACC8-93951C45BB7C}
		{BF47CADF-5754-496C-A445-C337D8DC036D} = {9241820E-B6D0-4C4F-ACC8-93951C45BB7C}
		{EBE6FB3A-4F16-4BF1-9624-3474EA32A736} = {B3986A91-C64B-41FB-8F5D-F24BC7A12548}
		{D4CDBED6-B01F-4908-9D12-85F696C1E228} = {B3986A91-C64B-41FB-8F5D-F24BC7A12548}
		{08C357A0-5A42-4F55-8618-FCE82966828A} = {B3986A91-C64B-41FB-8F5D-F24BC7A12548}
		{53294EF9-59A9-403D-8F18-B08BD7452FF5} = {B3986A91-C64B-41FB-8F5D-F24BC7A12548}
		{F42BB84B-2662-45C2-A721-2EC47BB57B18} = {BF47CADF-5754-496C-A445-C337D8DC036D}
		{1E64A718-DC3A-4A80-9F7E-D785E2A9FDA1} = {BF47CADF-5754-496C-A445-C337D8DC036D}
		{FFB1644E-10F8-40F5-A8B4-76AF1866CB00} = {BF47CADF-5754-496C-A445-C337D8DC036D}
		{C92F31DF-0287-41A6-9D49-B5C0A44FC55E} = {BF47CADF-5754-496C-A445-C337D8DC036D}
	EndGlobalSection
	GlobalSection(ExtensibilityGlobals) = postSolution
		SolutionGuid = {3D5E6095-D9D1-4636-AD72-B5253601EE54}
	EndGlobalSection
EndGlobal
